
Microsoft Visual Studio Solution File, Format Version 12.00
# Visual Studio Version 17
VisualStudioVersion = 17.1.32414.318
MinimumVisualStudioVersion = 10.0.40219.1
Project("{FAE04EC0-301F-11D3-BF4B-00C04F79EFBC}") = "FirstAzureWebApp", "FirstAzureWebApp.csproj", "{B5B9C8A0-1744-4C04-A2B9-07164344DD2A}"
EndProject
Global
	GlobalSection(SolutionConfigurationPlatforms) = preSolution
		Debug|Any CPU = Debug|Any CPU
		Release|Any CPU = Release|Any CPU
	EndGlobalSection
	GlobalSection(ProjectConfigurationPlatforms) = postSolution
		{B5B9C8A0-1744-4C04-A2B9-07164344DD2A}.Debug|Any CPU.ActiveCfg = Debug|Any CPU
		{B5B9C8A0-1744-4C04-A2B9-07164344DD2A}.Debug|Any CPU.Build.0 = Debug|Any CPU
		{B5B9C8A0-1744-4C04-A2B9-07164344DD2A}.Release|Any CPU.ActiveCfg = Release|Any CPU
		{B5B9C8A0-1744-4C04-A2B9-07164344DD2A}.Release|Any CPU.Build.0 = Release|Any CPU
	EndGlobalSection
	GlobalSection(SolutionProperties) = preSolution
		HideSolutionNode = FALSE
	EndGlobalSection
	GlobalSection(ExtensibilityGlobals) = postSolution
		SolutionGuid = {BD376E78-8C62-4187-AB3D-B212E6696D36}
	EndGlobalSection
EndGlobal
